
Microsoft Visual Studio Solution File, Format Version 12.00
# Visual Studio 14
VisualStudioVersion = 14.0.25123.0
MinimumVisualStudioVersion = 10.0.40219.1
Project("{FAE04EC0-301F-11D3-BF4B-00C04F79EFBC}") = "CapsLockIndicator", "CapsLockIndicator\CapsLockIndicator.csproj", "{3286025E-6965-4B01-92C0-A3E81F3C0928}"
EndProject
Project("{54435603-DBB4-11D2-8724-00A0C9A8B90C}") = "CapsLockIndicatorSetup", "CapsLockIndicatorSetup\CapsLockIndicatorSetup.vdproj", "{ECE1BC61-3D60-43EB-99AF-FE8033223A91}"
EndProject
Global
	GlobalSection(SolutionConfigurationPlatforms) = preSolution
		Debug|Any CPU = Debug|Any CPU
		Release|Any CPU = Release|Any CPU
	EndGlobalSection
	GlobalSection(ProjectConfigurationPlatforms) = postSolution
		{3286025E-6965-4B01-92C0-A3E81F3C0928}.Debug|Any CPU.ActiveCfg = Debug|Any CPU
		{3286025E-6965-4B01-92C0-A3E81F3C0928}.Debug|Any CPU.Build.0 = Debug|Any CPU
		{3286025E-6965-4B01-92C0-A3E81F3C0928}.Release|Any CPU.ActiveCfg = Release|Any CPU
		{3286025E-6965-4B01-92C0-A3E81F3C0928}.Release|Any CPU.Build.0 = Release|Any CPU
		{ECE1BC61-3D60-43EB-99AF-FE8033223A91}.Debug|Any CPU.ActiveCfg = Debug
		{ECE1BC61-3D60-43EB-99AF-FE8033223A91}.Release|Any CPU.ActiveCfg = Release
	EndGlobalSection
	GlobalSection(SolutionProperties) = preSolution
		HideSolutionNode = FALSE
	EndGlobalSection
EndGlobal
